lockfileVersion: '9.0'

settings:
  autoInstallPeers: true
  excludeLinksFromLockfile: false

importers:

  .: {}

  packages/domo: {}

  packages/domo-og: {}

  packages/domo-router: {}

  packages/domo-ssg:
    dependencies:
      '@zyrab/domo':
        specifier: workspace:^
        version: link:../domo
      '@zyrab/domo-og':
        specifier: workspace:*
        version: link:../domo-og
      '@zyrab/domo-router':
        specifier: workspace:^
        version: link:../domo-router

  packages/domo-svg:
    dependencies:
      '@zyrab/domo':
        specifier: workspace:*
        version: link:../domo
